
Microsoft Visual Studio Solution File, Format Version 11.00
# Visual Studio 2010
Project("{E24C65DC-7377-472B-9ABA-BC803B73C61A}") = "WebCMS", "WebCMS\", "{D20DC0D9-824D-4177-9141-6B55E0B3981D}"
	ProjectSection(WebsiteProperties) = preProject
		Frontpage = "false"
		TargetFrameworkMoniker = ".NETFramework,Version%3Dv3.5"
		Debug.AspNetCompiler.VirtualPath = "/WebCMS"
		Debug.AspNetCompiler.PhysicalPath = "WebCMS\"
		Debug.AspNetCompiler.TargetPath = "PrecompiledWeb\WebCMS\"
		Debug.AspNetCompiler.Updateable = "true"
		Debug.AspNetCompiler.ForceOverwrite = "true"
		Debug.AspNetCompiler.FixedNames = "false"
		Debug.AspNetCompiler.Debug = "True"
		Release.AspNetCompiler.VirtualPath = "/WebCMS"
		Release.AspNetCompiler.PhysicalPath = "WebCMS\"
		Release.AspNetCompiler.TargetPath = "PrecompiledWeb\WebCMS\"
		Release.AspNetCompiler.Updateable = "true"
		Release.AspNetCompiler.ForceOverwrite = "true"
		Release.AspNetCompiler.FixedNames = "false"
		Release.AspNetCompiler.Debug = "False"
		VWDPort = "8294"
	EndProjectSection
EndProject
Global
	GlobalSection(SolutionConfigurationPlatforms) = preSolution
		Debug|Any CPU = Debug|Any CPU
		Release|Any CPU = Release|Any CPU
	EndGlobalSection
	GlobalSection(ProjectConfigurationPlatforms) = postSolution
		{D20DC0D9-824D-4177-9141-6B55E0B3981D}.Debug|Any CPU.ActiveCfg = Debug|Any CPU
		{D20DC0D9-824D-4177-9141-6B55E0B3981D}.Debug|Any CPU.Build.0 = Debug|Any CPU
		{D20DC0D9-824D-4177-9141-6B55E0B3981D}.Release|Any CPU.ActiveCfg = Debug|Any CPU
		{D20DC0D9-824D-4177-9141-6B55E0B3981D}.Release|Any CPU.Build.0 = Debug|Any CPU
	EndGlobalSection
	GlobalSection(SolutionProperties) = preSolution
		HideSolutionNode = FALSE
	EndGlobalSection
EndGlobal
